PODS:
  - Alamofire (4.0.1)
  - CHCSVParser (2.1.0)
  - ObjectiveCloudant (0.2.2)
  - Realm (2.0.2):
    - Realm/Headers (= 2.0.2)
  - Realm/Headers (2.0.2)
  - RealmSwift (2.0.2):
    - Realm (= 2.0.2)

DEPENDENCIES:
  - Alamofire (~> 4.0)
  - CHCSVParser
  - ObjectiveCloudant
  - RealmSwift

SPEC CHECKSUMS:
  Alamofire: 7682d43245de14874acd142ec137b144aa1dd335
  CHCSVParser: 3bcc7bdb72111a31222e95d57eacceefe4e537e8
  ObjectiveCloudant: 5200ed0ffc14c43d07b84619c34da3e5761df5a1
  Realm: 0f5a194af0b7e6158b83db41b4ee1a00be7ddf1a
  RealmSwift: 0eb5070d851cba7c66e841ca756d83609dc78bc8

PODFILE CHECKSUM: 377892659dd1623e37317e139810dc48776dc164

COCOAPODS: 1.0.1
