<?xml version="1.0" encoding="UTF-8"?>
<!DOCTYPE plist PUBLIC "-//Apple//DTD PLIST 1.0//EN" "http://www.apple.com/DTDs/PropertyList-1.0.dtd">
<plist version="1.0">
<dict>
	<key>archiveVersion</key>
	<string>1</string>
	<key>classes</key>
	<dict/>
	<key>objectVersion</key>
	<string>46</string>
	<key>objects</key>
	<dict>
		<key>352FE93C96596D906E5E9F1A</key>
		<dict>
			<key>buildActionMask</key>
			<string>2147483647</string>
			<key>files</key>
			<array/>
			<key>inputPaths</key>
			<array/>
			<key>isa</key>
			<string>PBXShellScriptBuildPhase</string>
			<key>name</key>
			<string>[CP] Check Pods Manifest.lock</string>
			<key>outputPaths</key>
			<array/>
			<key>runOnlyForDeploymentPostprocessing</key>
			<string>0</string>
			<key>shellPath</key>
			<string>/bin/sh</string>
			<key>shellScript</key>
			<string>diff "${PODS_ROOT}/../Podfile.lock" "${PODS_ROOT}/Manifest.lock" &gt; /dev/null
if [[ $? != 0 ]] ; then
    cat &lt;&lt; EOM
error: The sandbox is not in sync with the Podfile.lock. Run 'pod install' or update your CocoaPods installation.
EOM
    exit 1
fi
</string>
			<key>showEnvVarsInLog</key>
			<string>0</string>
		</dict>
		<key>3C19C44EC82C2F77AC60BD5D</key>
		<dict>
			<key>buildActionMask</key>
			<string>2147483647</string>
			<key>files</key>
			<array/>
			<key>inputPaths</key>
			<array/>
			<key>isa</key>
			<string>PBXShellScriptBuildPhase</string>
			<key>name</key>
			<string>[CP] Copy Pods Resources</string>
			<key>outputPaths</key>
			<array/>
			<key>runOnlyForDeploymentPostprocessing</key>
			<string>0</string>
			<key>shellPath</key>
			<string>/bin/sh</string>
			<key>shellScript</key>
			<string>"${SRCROOT}/Pods/Target Support Files/Pods-Starter App/Pods-Starter App-resources.sh"
</string>
			<key>showEnvVarsInLog</key>
			<string>0</string>
		</dict>
		<key>5511AC7BFFED1BFF6F4B833B</key>
		<dict>
			<key>explicitFileType</key>
			<string>wrapper.framework</string>
			<key>includeInIndex</key>
			<string>0</string>
			<key>isa</key>
			<string>PBXFileReference</string>
			<key>path</key>
			<string>Pods_Starter_App.framework</string>
			<key>sourceTree</key>
			<string>BUILT_PRODUCTS_DIR</string>
		</dict>
		<key>61F5CF8B59B6DD1F04FC2445</key>
		<dict>
			<key>buildActionMask</key>
			<string>2147483647</string>
			<key>files</key>
			<array/>
			<key>inputPaths</key>
			<array/>
			<key>isa</key>
			<string>PBXShellScriptBuildPhase</string>
			<key>name</key>
			<string>[CP] Embed Pods Frameworks</string>
			<key>outputPaths</key>
			<array/>
			<key>runOnlyForDeploymentPostprocessing</key>
			<string>0</string>
			<key>shellPath</key>
			<string>/bin/sh</string>
			<key>shellScript</key>
			<string>"${SRCROOT}/Pods/Target Support Files/Pods-Starter App/Pods-Starter App-frameworks.sh"
</string>
			<key>showEnvVarsInLog</key>
			<string>0</string>
		</dict>
		<key>6808CB1A1CF4EBAA00995BEA</key>
		<dict>
			<key>isa</key>
			<string>PBXFileReference</string>
			<key>lastKnownFileType</key>
			<string>text.xml</string>
			<key>path</key>
			<string>Starter App.entitlements</string>
			<key>sourceTree</key>
			<string>&lt;group&gt;</string>
		</dict>
		<key>6808CB211CF4EEB700995BEA</key>
		<dict>
			<key>isa</key>
			<string>PBXFileReference</string>
			<key>lastKnownFileType</key>
			<string>wrapper.framework</string>
			<key>name</key>
			<string>CareKit.framework</string>
			<key>path</key>
			<string>Carthage/Build/iOS/CareKit.framework</string>
			<key>sourceTree</key>
			<string>&lt;group&gt;</string>
		</dict>
		<key>6808CB221CF4EEB700995BEA</key>
		<dict>
			<key>isa</key>
			<string>PBXFileReference</string>
			<key>lastKnownFileType</key>
			<string>wrapper.framework</string>
			<key>name</key>
			<string>ResearchKit.framework</string>
			<key>path</key>
			<string>Carthage/Build/iOS/ResearchKit.framework</string>
			<key>sourceTree</key>
			<string>&lt;group&gt;</string>
		</dict>
		<key>6808CB251CF4EEDD00995BEA</key>
		<dict>
			<key>isa</key>
			<string>PBXFileReference</string>
			<key>lastKnownFileType</key>
			<string>wrapper.framework</string>
			<key>name</key>
			<string>Realm.framework</string>
			<key>path</key>
			<string>Carthage/Build/iOS/Realm.framework</string>
			<key>sourceTree</key>
			<string>&lt;group&gt;</string>
		</dict>
		<key>6808CB261CF4EEDD00995BEA</key>
		<dict>
			<key>isa</key>
			<string>PBXFileReference</string>
			<key>lastKnownFileType</key>
			<string>wrapper.framework</string>
			<key>name</key>
			<string>RealmSwift.framework</string>
			<key>path</key>
			<string>Carthage/Build/iOS/RealmSwift.framework</string>
			<key>sourceTree</key>
			<string>&lt;group&gt;</string>
		</dict>
		<key>682129B61CF875F7004F3C0B</key>
		<dict>
			<key>isa</key>
			<string>PBXFileReference</string>
			<key>lastKnownFileType</key>
			<string>wrapper.framework</string>
			<key>name</key>
			<string>HealthKit.framework</string>
			<key>path</key>
			<string>System/Library/Frameworks/HealthKit.framework</string>
			<key>sourceTree</key>
			<string>SDKROOT</string>
		</dict>
		<key>682129B81CF8762F004F3C0B</key>
		<dict>
			<key>isa</key>
			<string>PBXFileReference</string>
			<key>lastKnownFileType</key>
			<string>wrapper.framework</string>
			<key>name</key>
			<string>HomeKit.framework</string>
			<key>path</key>
			<string>System/Library/Frameworks/HomeKit.framework</string>
			<key>sourceTree</key>
			<string>SDKROOT</string>
		</dict>
		<key>682129BA1CF87C1E004F3C0B</key>
		<dict>
			<key>children</key>
			<array>
				<string>6890ECFF1D03A23800B9759C</string>
				<string>8F6F739D1CF3F6550099920A</string>
				<string>8F6F739F1CF3F6550099920A</string>
			</array>
			<key>isa</key>
			<string>PBXGroup</string>
			<key>path</key>
			<string>Modules</string>
			<key>sourceTree</key>
			<string>&lt;group&gt;</string>
		</dict>
		<key>682129BB1CF87C2A004F3C0B</key>
		<dict>
			<key>children</key>
			<array>
				<string>6890ED111D04A14A00B9759C</string>
				<string>682129BC1CF87E5B004F3C0B</string>
			</array>
			<key>isa</key>
			<string>PBXGroup</string>
			<key>path</key>
			<string>Services</string>
			<key>sourceTree</key>
			<string>&lt;group&gt;</string>
		</dict>
		<key>682129BC1CF87E5B004F3C0B</key>
		<dict>
			<key>children</key>
			<array>
				<string>6890ED0A1D03C75400B9759C</string>
				<string>682129BF1CF87ED4004F3C0B</string>
			</array>
			<key>isa</key>
			<string>PBXGroup</string>
			<key>path</key>
			<string>HealthKit</string>
			<key>sourceTree</key>
			<string>&lt;group&gt;</string>
		</dict>
		<key>682129BF1CF87ED4004F3C0B</key>
		<dict>
			<key>fileEncoding</key>
			<string>4</string>
			<key>isa</key>
			<string>PBXFileReference</string>
			<key>lastKnownFileType</key>
			<string>sourcecode.swift</string>
			<key>path</key>
			<string>HealthKitManager.swift</string>
			<key>sourceTree</key>
			<string>&lt;group&gt;</string>
		</dict>
		<key>682129C01CF87ED4004F3C0B</key>
		<dict>
			<key>fileRef</key>
			<string>682129BF1CF87ED4004F3C0B</string>
			<key>isa</key>
			<string>PBXBuildFile</string>
		</dict>
		<key>682129C11CF87F08004F3C0B</key>
		<dict>
			<key>children</key>
			<array>
				<string>8F6F73A71CF3F6550099920A</string>
			</array>
			<key>isa</key>
			<string>PBXGroup</string>
			<key>path</key>
			<string>AppConfig</string>
			<key>sourceTree</key>
			<string>&lt;group&gt;</string>
		</dict>
		<key>682129C31CF914B5004F3C0B</key>
		<dict>
			<key>children</key>
			<array>
				<string>682129C41CF914CB004F3C0B</string>
			</array>
			<key>isa</key>
			<string>PBXGroup</string>
			<key>path</key>
			<string>Utils</string>
			<key>sourceTree</key>
			<string>&lt;group&gt;</string>
		</dict>
		<key>682129C41CF914CB004F3C0B</key>
		<dict>
			<key>children</key>
			<array>
				<string>682129C51CF91562004F3C0B</string>
			</array>
			<key>isa</key>
			<string>PBXGroup</string>
			<key>path</key>
			<string>Extensions</string>
			<key>sourceTree</key>
			<string>&lt;group&gt;</string>
		</dict>
		<key>682129C51CF91562004F3C0B</key>
		<dict>
			<key>fileEncoding</key>
			<string>4</string>
			<key>isa</key>
			<string>PBXFileReference</string>
			<key>lastKnownFileType</key>
			<string>sourcecode.swift</string>
			<key>path</key>
			<string>HKSampleExtension.swift</string>
			<key>sourceTree</key>
			<string>&lt;group&gt;</string>
		</dict>
		<key>682129C61CF91562004F3C0B</key>
		<dict>
			<key>fileRef</key>
			<string>682129C51CF91562004F3C0B</string>
			<key>isa</key>
			<string>PBXBuildFile</string>
		</dict>
		<key>686C24CC1D1A268C00467D4F</key>
		<dict>
			<key>fileEncoding</key>
			<string>4</string>
			<key>isa</key>
			<string>PBXFileReference</string>
			<key>lastKnownFileType</key>
			<string>sourcecode.swift</string>
			<key>path</key>
			<string>ViewSpecificDataViewController.swift</string>
			<key>sourceTree</key>
			<string>&lt;group&gt;</string>
		</dict>
		<key>686C24CD1D1A268C00467D4F</key>
		<dict>
			<key>fileRef</key>
			<string>686C24CC1D1A268C00467D4F</string>
			<key>isa</key>
			<string>PBXBuildFile</string>
		</dict>
		<key>6890ECFF1D03A23800B9759C</key>
		<dict>
			<key>children</key>
			<array>
				<string>6890ED001D03A25900B9759C</string>
				<string>8F6F739B1CF3F6550099920A</string>
				<string>686C24CC1D1A268C00467D4F</string>
				<string>6890ED021D03A3B600B9759C</string>
			</array>
			<key>isa</key>
			<string>PBXGroup</string>
			<key>name</key>
			<string>View Data</string>
			<key>path</key>
			<string>View Data</string>
			<key>sourceTree</key>
			<string>&lt;group&gt;</string>
		</dict>
		<key>6890ED001D03A25900B9759C</key>
		<dict>
			<key>fileEncoding</key>
			<string>4</string>
			<key>isa</key>
			<string>PBXFileReference</string>
			<key>lastKnownFileType</key>
			<string>file.storyboard</string>
			<key>path</key>
			<string>ViewData.storyboard</string>
			<key>sourceTree</key>
			<string>&lt;group&gt;</string>
		</dict>
		<key>6890ED011D03A25900B9759C</key>
		<dict>
			<key>fileRef</key>
			<string>6890ED001D03A25900B9759C</string>
			<key>isa</key>
			<string>PBXBuildFile</string>
		</dict>
		<key>6890ED021D03A3B600B9759C</key>
		<dict>
			<key>children</key>
			<array>
				<string>6890ED031D03A42000B9759C</string>
			</array>
			<key>isa</key>
			<string>PBXGroup</string>
			<key>path</key>
			<string>Views</string>
			<key>sourceTree</key>
			<string>&lt;group&gt;</string>
		</dict>
		<key>6890ED031D03A42000B9759C</key>
		<dict>
			<key>fileEncoding</key>
			<string>4</string>
			<key>isa</key>
			<string>PBXFileReference</string>
			<key>lastKnownFileType</key>
			<string>sourcecode.swift</string>
			<key>path</key>
			<string>HealthDataTableViewCell.swift</string>
			<key>sourceTree</key>
			<string>&lt;group&gt;</string>
		</dict>
		<key>6890ED041D03A42000B9759C</key>
		<dict>
			<key>fileRef</key>
			<string>6890ED031D03A42000B9759C</string>
			<key>isa</key>
			<string>PBXBuildFile</string>
		</dict>
		<key>6890ED0A1D03C75400B9759C</key>
		<dict>
			<key>fileEncoding</key>
			<string>4</string>
			<key>isa</key>
			<string>PBXFileReference</string>
			<key>lastKnownFileType</key>
			<string>sourcecode.swift</string>
			<key>path</key>
			<string>HealthKitSync.swift</string>
			<key>sourceTree</key>
			<string>&lt;group&gt;</string>
		</dict>
		<key>6890ED0B1D03C75400B9759C</key>
		<dict>
			<key>fileRef</key>
			<string>6890ED0A1D03C75400B9759C</string>
			<key>isa</key>
			<string>PBXBuildFile</string>
		</dict>
		<key>6890ED0E1D049EBF00B9759C</key>
		<dict>
			<key>fileEncoding</key>
			<string>4</string>
			<key>isa</key>
			<string>PBXFileReference</string>
			<key>lastKnownFileType</key>
			<string>sourcecode.swift</string>
			<key>path</key>
			<string>ObjectIDMap.swift</string>
			<key>sourceTree</key>
			<string>&lt;group&gt;</string>
		</dict>
		<key>6890ED0F1D049EBF00B9759C</key>
		<dict>
			<key>fileRef</key>
			<string>6890ED0E1D049EBF00B9759C</string>
			<key>isa</key>
			<string>PBXBuildFile</string>
		</dict>
		<key>6890ED101D049F1100B9759C</key>
		<dict>
			<key>children</key>
			<array>
				<string>68C949521D01127400199864</string>
				<string>68C949501D01125000199864</string>
			</array>
			<key>isa</key>
			<string>PBXGroup</string>
			<key>name</key>
			<string>HealthObjects</string>
			<key>path</key>
			<string>HealthObjects</string>
			<key>sourceTree</key>
			<string>&lt;group&gt;</string>
		</dict>
		<key>6890ED111D04A14A00B9759C</key>
		<dict>
			<key>children</key>
			<array>
				<string>6890ED121D04A15300B9759C</string>
			</array>
			<key>isa</key>
			<string>PBXGroup</string>
			<key>name</key>
			<string>Server</string>
			<key>path</key>
			<string>Server</string>
			<key>sourceTree</key>
			<string>&lt;group&gt;</string>
		</dict>
		<key>6890ED121D04A15300B9759C</key>
		<dict>
			<key>fileEncoding</key>
			<string>4</string>
			<key>isa</key>
			<string>PBXFileReference</string>
			<key>lastKnownFileType</key>
			<string>sourcecode.swift</string>
			<key>path</key>
			<string>ServerSync.swift</string>
			<key>sourceTree</key>
			<string>&lt;group&gt;</string>
		</dict>
		<key>6890ED131D04A15300B9759C</key>
		<dict>
			<key>fileRef</key>
			<string>6890ED121D04A15300B9759C</string>
			<key>isa</key>
			<string>PBXBuildFile</string>
		</dict>
		<key>68C9494F1D010FF100199864</key>
		<dict>
			<key>children</key>
			<array>
				<string>6890ED0E1D049EBF00B9759C</string>
				<string>6890ED101D049F1100B9759C</string>
			</array>
			<key>isa</key>
			<string>PBXGroup</string>
			<key>path</key>
			<string>Model</string>
			<key>sourceTree</key>
			<string>&lt;group&gt;</string>
		</dict>
		<key>68C949501D01125000199864</key>
		<dict>
			<key>fileEncoding</key>
			<string>4</string>
			<key>isa</key>
			<string>PBXFileReference</string>
			<key>lastKnownFileType</key>
			<string>sourcecode.swift</string>
			<key>path</key>
			<string>Weight.swift</string>
			<key>sourceTree</key>
			<string>&lt;group&gt;</string>
		</dict>
		<key>68C949511D01125000199864</key>
		<dict>
			<key>fileRef</key>
			<string>68C949501D01125000199864</string>
			<key>isa</key>
			<string>PBXBuildFile</string>
		</dict>
		<key>68C949521D01127400199864</key>
		<dict>
			<key>fileEncoding</key>
			<string>4</string>
			<key>isa</key>
			<string>PBXFileReference</string>
			<key>lastKnownFileType</key>
			<string>sourcecode.swift</string>
			<key>path</key>
			<string>BaseHealthObject.swift</string>
			<key>sourceTree</key>
			<string>&lt;group&gt;</string>
		</dict>
		<key>68C949531D01127400199864</key>
		<dict>
			<key>fileRef</key>
			<string>68C949521D01127400199864</string>
			<key>isa</key>
			<string>PBXBuildFile</string>
		</dict>
		<key>8F439ED0CD1A953CEDCDF704</key>
		<dict>
			<key>includeInIndex</key>
			<string>1</string>
			<key>isa</key>
			<string>PBXFileReference</string>
			<key>lastKnownFileType</key>
			<string>text.xcconfig</string>
			<key>name</key>
			<string>Pods-Starter App.debug.xcconfig</string>
			<key>path</key>
			<string>Pods/Target Support Files/Pods-Starter App/Pods-Starter App.debug.xcconfig</string>
			<key>sourceTree</key>
			<string>&lt;group&gt;</string>
		</dict>
		<key>8F6F738D1CF3F6550099920A</key>
		<dict>
			<key>children</key>
			<array>
				<string>8F6F73981CF3F6550099920A</string>
				<string>8F82154A1CF3FD80001198A2</string>
				<string>8F6F73971CF3F6550099920A</string>
				<string>B6B70CD70A2F0ED1FF3FAC69</string>
			</array>
			<key>isa</key>
			<string>PBXGroup</string>
			<key>sourceTree</key>
			<string>&lt;group&gt;</string>
		</dict>
		<key>8F6F738E1CF3F6550099920A</key>
		<dict>
			<key>attributes</key>
			<dict>
				<key>LastSwiftUpdateCheck</key>
				<string>0730</string>
				<key>LastUpgradeCheck</key>
				<string>0730</string>
				<key>ORGANIZATIONNAME</key>
				<string>Saad Ismail</string>
				<key>TargetAttributes</key>
				<dict>
					<key>8F6F73951CF3F6550099920A</key>
					<dict>
						<key>CreatedOnToolsVersion</key>
						<string>7.3.1</string>
						<key>DevelopmentTeam</key>
						<string>76CMF53Q35</string>
						<key>SystemCapabilities</key>
						<dict>
							<key>com.apple.HealthKit</key>
							<dict>
								<key>enabled</key>
								<string>1</string>
							</dict>
							<key>com.apple.HomeKit</key>
							<dict>
								<key>enabled</key>
								<string>1</string>
							</dict>
						</dict>
					</dict>
				</dict>
			</dict>
			<key>buildConfigurationList</key>
			<string>8F6F73911CF3F6550099920A</string>
			<key>compatibilityVersion</key>
			<string>Xcode 3.2</string>
			<key>developmentRegion</key>
			<string>English</string>
			<key>hasScannedForEncodings</key>
			<string>0</string>
			<key>isa</key>
			<string>PBXProject</string>
			<key>knownRegions</key>
			<array>
				<string>en</string>
				<string>Base</string>
			</array>
			<key>mainGroup</key>
			<string>8F6F738D1CF3F6550099920A</string>
			<key>productRefGroup</key>
			<string>8F6F73971CF3F6550099920A</string>
			<key>projectDirPath</key>
			<string></string>
			<key>projectReferences</key>
			<array/>
			<key>projectRoot</key>
			<string></string>
			<key>targets</key>
			<array>
				<string>8F6F73951CF3F6550099920A</string>
			</array>
		</dict>
		<key>8F6F73911CF3F6550099920A</key>
		<dict>
			<key>buildConfigurations</key>
			<array>
				<string>8F6F73A81CF3F6550099920A</string>
				<string>8F6F73A91CF3F6550099920A</string>
			</array>
			<key>defaultConfigurationIsVisible</key>
			<string>0</string>
			<key>defaultConfigurationName</key>
			<string>Release</string>
			<key>isa</key>
			<string>XCConfigurationList</string>
		</dict>
		<key>8F6F73921CF3F6550099920A</key>
		<dict>
			<key>buildActionMask</key>
			<string>2147483647</string>
			<key>files</key>
			<array>
				<string>8F6F739E1CF3F6550099920A</string>
				<string>68C949531D01127400199864</string>
				<string>6890ED131D04A15300B9759C</string>
				<string>6890ED0B1D03C75400B9759C</string>
				<string>686C24CD1D1A268C00467D4F</string>
				<string>682129C61CF91562004F3C0B</string>
				<string>8F6F739A1CF3F6550099920A</string>
				<string>6890ED041D03A42000B9759C</string>
				<string>682129C01CF87ED4004F3C0B</string>
				<string>6890ED0F1D049EBF00B9759C</string>
				<string>8F6F739C1CF3F6550099920A</string>
				<string>68C949511D01125000199864</string>
			</array>
			<key>isa</key>
			<string>PBXSourcesBuildPhase</string>
			<key>runOnlyForDeploymentPostprocessing</key>
			<string>0</string>
		</dict>
		<key>8F6F73931CF3F6550099920A</key>
		<dict>
			<key>buildActionMask</key>
			<string>2147483647</string>
			<key>files</key>
			<array>
				<string>C690580B771D38554FED2E4C</string>
			</array>
			<key>isa</key>
			<string>PBXFrameworksBuildPhase</string>
			<key>runOnlyForDeploymentPostprocessing</key>
			<string>0</string>
		</dict>
		<key>8F6F73941CF3F6550099920A</key>
		<dict>
			<key>buildActionMask</key>
			<string>2147483647</string>
			<key>files</key>
			<array>
				<string>6890ED011D03A25900B9759C</string>
				<string>8F6F73A61CF3F6550099920A</string>
				<string>8F6F73A31CF3F6550099920A</string>
				<string>8F6F73A11CF3F6550099920A</string>
			</array>
			<key>isa</key>
			<string>PBXResourcesBuildPhase</string>
			<key>runOnlyForDeploymentPostprocessing</key>
			<string>0</string>
		</dict>
		<key>8F6F73951CF3F6550099920A</key>
		<dict>
			<key>buildConfigurationList</key>
			<string>8F6F73AA1CF3F6550099920A</string>
			<key>buildPhases</key>
			<array>
				<string>352FE93C96596D906E5E9F1A</string>
				<string>8F6F73921CF3F6550099920A</string>
				<string>8F6F73931CF3F6550099920A</string>
				<string>8F6F73941CF3F6550099920A</string>
				<string>61F5CF8B59B6DD1F04FC2445</string>
				<string>3C19C44EC82C2F77AC60BD5D</string>
			</array>
			<key>buildRules</key>
			<array/>
			<key>dependencies</key>
			<array/>
			<key>isa</key>
			<string>PBXNativeTarget</string>
			<key>name</key>
			<string>Starter App</string>
			<key>productName</key>
			<string>Starter App</string>
			<key>productReference</key>
			<string>8F6F73961CF3F6550099920A</string>
			<key>productType</key>
			<string>com.apple.product-type.application</string>
		</dict>
		<key>8F6F73961CF3F6550099920A</key>
		<dict>
			<key>explicitFileType</key>
			<string>wrapper.application</string>
			<key>includeInIndex</key>
			<string>0</string>
			<key>isa</key>
			<string>PBXFileReference</string>
			<key>path</key>
			<string>Starter App.app</string>
			<key>sourceTree</key>
			<string>BUILT_PRODUCTS_DIR</string>
		</dict>
		<key>8F6F73971CF3F6550099920A</key>
		<dict>
			<key>children</key>
			<array>
				<string>8F6F73961CF3F6550099920A</string>
			</array>
			<key>isa</key>
			<string>PBXGroup</string>
			<key>name</key>
			<string>Products</string>
			<key>sourceTree</key>
			<string>&lt;group&gt;</string>
		</dict>
		<key>8F6F73981CF3F6550099920A</key>
		<dict>
			<key>children</key>
			<array>
				<string>8F6F73991CF3F6550099920A</string>
				<string>8F6F73A41CF3F6550099920A</string>
				<string>682129BA1CF87C1E004F3C0B</string>
				<string>68C9494F1D010FF100199864</string>
				<string>682129BB1CF87C2A004F3C0B</string>
				<string>682129C31CF914B5004F3C0B</string>
				<string>682129C11CF87F08004F3C0B</string>
				<string>6808CB1A1CF4EBAA00995BEA</string>
				<string>8F6F73A21CF3F6550099920A</string>
			</array>
			<key>isa</key>
			<string>PBXGroup</string>
			<key>path</key>
			<string>Starter App</string>
			<key>sourceTree</key>
			<string>&lt;group&gt;</string>
		</dict>
		<key>8F6F73991CF3F6550099920A</key>
		<dict>
			<key>isa</key>
			<string>PBXFileReference</string>
			<key>lastKnownFileType</key>
			<string>sourcecode.swift</string>
			<key>name</key>
			<string>AppDelegate.swift</string>
			<key>path</key>
			<string>AppDelegate.swift</string>
			<key>sourceTree</key>
			<string>&lt;group&gt;</string>
		</dict>
		<key>8F6F739A1CF3F6550099920A</key>
		<dict>
			<key>fileRef</key>
			<string>8F6F73991CF3F6550099920A</string>
			<key>isa</key>
			<string>PBXBuildFile</string>
		</dict>
		<key>8F6F739B1CF3F6550099920A</key>
		<dict>
			<key>isa</key>
			<string>PBXFileReference</string>
			<key>lastKnownFileType</key>
			<string>sourcecode.swift</string>
			<key>path</key>
			<string>ViewDataViewController.swift</string>
			<key>sourceTree</key>
			<string>&lt;group&gt;</string>
		</dict>
		<key>8F6F739C1CF3F6550099920A</key>
		<dict>
			<key>fileRef</key>
			<string>8F6F739B1CF3F6550099920A</string>
			<key>isa</key>
			<string>PBXBuildFile</string>
		</dict>
		<key>8F6F739D1CF3F6550099920A</key>
		<dict>
			<key>isa</key>
			<string>PBXFileReference</string>
			<key>lastKnownFileType</key>
			<string>sourcecode.swift</string>
			<key>path</key>
			<string>SecondViewController.swift</string>
			<key>sourceTree</key>
			<string>&lt;group&gt;</string>
		</dict>
		<key>8F6F739E1CF3F6550099920A</key>
		<dict>
			<key>fileRef</key>
			<string>8F6F739D1CF3F6550099920A</string>
			<key>isa</key>
			<string>PBXBuildFile</string>
		</dict>
		<key>8F6F739F1CF3F6550099920A</key>
		<dict>
			<key>children</key>
			<array>
				<string>8F6F73A01CF3F6550099920A</string>
			</array>
			<key>isa</key>
			<string>PBXVariantGroup</string>
			<key>name</key>
			<string>Main.storyboard</string>
			<key>path</key>
			<string>.</string>
			<key>sourceTree</key>
			<string>&lt;group&gt;</string>
		</dict>
		<key>8F6F73A01CF3F6550099920A</key>
		<dict>
			<key>isa</key>
			<string>PBXFileReference</string>
			<key>lastKnownFileType</key>
			<string>file.storyboard</string>
			<key>name</key>
			<string>Base</string>
			<key>path</key>
			<string>Base.lproj/Main.storyboard</string>
			<key>sourceTree</key>
			<string>&lt;group&gt;</string>
		</dict>
		<key>8F6F73A11CF3F6550099920A</key>
		<dict>
			<key>fileRef</key>
			<string>8F6F739F1CF3F6550099920A</string>
			<key>isa</key>
			<string>PBXBuildFile</string>
		</dict>
		<key>8F6F73A21CF3F6550099920A</key>
		<dict>
			<key>isa</key>
			<string>PBXFileReference</string>
			<key>lastKnownFileType</key>
			<string>folder.assetcatalog</string>
			<key>path</key>
			<string>Assets.xcassets</string>
			<key>sourceTree</key>
			<string>&lt;group&gt;</string>
		</dict>
		<key>8F6F73A31CF3F6550099920A</key>
		<dict>
			<key>fileRef</key>
			<string>8F6F73A21CF3F6550099920A</string>
			<key>isa</key>
			<string>PBXBuildFile</string>
		</dict>
		<key>8F6F73A41CF3F6550099920A</key>
		<dict>
			<key>children</key>
			<array>
				<string>8F6F73A51CF3F6550099920A</string>
			</array>
			<key>isa</key>
			<string>PBXVariantGroup</string>
			<key>name</key>
			<string>LaunchScreen.storyboard</string>
			<key>path</key>
			<string>.</string>
			<key>sourceTree</key>
			<string>&lt;group&gt;</string>
		</dict>
		<key>8F6F73A51CF3F6550099920A</key>
		<dict>
			<key>isa</key>
			<string>PBXFileReference</string>
			<key>lastKnownFileType</key>
			<string>file.storyboard</string>
			<key>name</key>
			<string>Base</string>
			<key>path</key>
			<string>Base.lproj/LaunchScreen.storyboard</string>
			<key>sourceTree</key>
			<string>&lt;group&gt;</string>
		</dict>
		<key>8F6F73A61CF3F6550099920A</key>
		<dict>
			<key>fileRef</key>
			<string>8F6F73A41CF3F6550099920A</string>
			<key>isa</key>
			<string>PBXBuildFile</string>
		</dict>
		<key>8F6F73A71CF3F6550099920A</key>
		<dict>
			<key>isa</key>
			<string>PBXFileReference</string>
			<key>lastKnownFileType</key>
			<string>text.plist.xml</string>
			<key>path</key>
			<string>Info.plist</string>
			<key>sourceTree</key>
			<string>&lt;group&gt;</string>
		</dict>
		<key>8F6F73A81CF3F6550099920A</key>
		<dict>
			<key>buildSettings</key>
			<dict>
				<key>ALWAYS_SEARCH_USER_PATHS</key>
				<string>NO</string>
				<key>CLANG_ANALYZER_NONNULL</key>
				<string>YES</string>
				<key>CLANG_CXX_LANGUAGE_STANDARD</key>
				<string>gnu++0x</string>
				<key>CLANG_CXX_LIBRARY</key>
				<string>libc++</string>
				<key>CLANG_ENABLE_MODULES</key>
				<string>YES</string>
				<key>CLANG_ENABLE_OBJC_ARC</key>
				<string>YES</string>
				<key>CLANG_WARN_BOOL_CONVERSION</key>
				<string>YES</string>
				<key>CLANG_WARN_CONSTANT_CONVERSION</key>
				<string>YES</string>
				<key>CLANG_WARN_DIRECT_OBJC_ISA_USAGE</key>
				<string>YES_ERROR</string>
				<key>CLANG_WARN_EMPTY_BODY</key>
				<string>YES</string>
				<key>CLANG_WARN_ENUM_CONVERSION</key>
				<string>YES</string>
				<key>CLANG_WARN_INT_CONVERSION</key>
				<string>YES</string>
				<key>CLANG_WARN_OBJC_ROOT_CLASS</key>
				<string>YES_ERROR</string>
				<key>CLANG_WARN_UNREACHABLE_CODE</key>
				<string>YES</string>
				<key>CLANG_WARN__DUPLICATE_METHOD_MATCH</key>
				<string>YES</string>
				<key>CODE_SIGN_IDENTITY[sdk=iphoneos*]</key>
				<string>iPhone Developer</string>
				<key>COPY_PHASE_STRIP</key>
				<string>NO</string>
				<key>DEBUG_INFORMATION_FORMAT</key>
				<string>dwarf</string>
				<key>ENABLE_STRICT_OBJC_MSGSEND</key>
				<string>YES</string>
				<key>ENABLE_TESTABILITY</key>
				<string>YES</string>
				<key>GCC_C_LANGUAGE_STANDARD</key>
				<string>gnu99</string>
				<key>GCC_DYNAMIC_NO_PIC</key>
				<string>NO</string>
				<key>GCC_NO_COMMON_BLOCKS</key>
				<string>YES</string>
				<key>GCC_OPTIMIZATION_LEVEL</key>
				<string>0</string>
				<key>GCC_PREPROCESSOR_DEFINITIONS</key>
				<array>
					<string>DEBUG=1</string>
					<string>$(inherited)</string>
				</array>
				<key>GCC_WARN_64_TO_32_BIT_CONVERSION</key>
				<string>YES</string>
				<key>GCC_WARN_ABOUT_RETURN_TYPE</key>
				<string>YES_ERROR</string>
				<key>GCC_WARN_UNDECLARED_SELECTOR</key>
				<string>YES</string>
				<key>GCC_WARN_UNINITIALIZED_AUTOS</key>
				<string>YES_AGGRESSIVE</string>
				<key>GCC_WARN_UNUSED_FUNCTION</key>
				<string>YES</string>
				<key>GCC_WARN_UNUSED_VARIABLE</key>
				<string>YES</string>
				<key>IPHONEOS_DEPLOYMENT_TARGET</key>
				<string>9.3</string>
				<key>MTL_ENABLE_DEBUG_INFO</key>
				<string>YES</string>
				<key>ONLY_ACTIVE_ARCH</key>
				<string>YES</string>
				<key>SDKROOT</key>
				<string>iphoneos</string>
				<key>SWIFT_OPTIMIZATION_LEVEL</key>
				<string>-Onone</string>
				<key>TARGETED_DEVICE_FAMILY</key>
				<string>1,2</string>
			</dict>
			<key>isa</key>
			<string>XCBuildConfiguration</string>
			<key>name</key>
			<string>Debug</string>
		</dict>
		<key>8F6F73A91CF3F6550099920A</key>
		<dict>
			<key>buildSettings</key>
			<dict>
				<key>ALWAYS_SEARCH_USER_PATHS</key>
				<string>NO</string>
				<key>CLANG_ANALYZER_NONNULL</key>
				<string>YES</string>
				<key>CLANG_CXX_LANGUAGE_STANDARD</key>
				<string>gnu++0x</string>
				<key>CLANG_CXX_LIBRARY</key>
				<string>libc++</string>
				<key>CLANG_ENABLE_MODULES</key>
				<string>YES</string>
				<key>CLANG_ENABLE_OBJC_ARC</key>
				<string>YES</string>
				<key>CLANG_WARN_BOOL_CONVERSION</key>
				<string>YES</string>
				<key>CLANG_WARN_CONSTANT_CONVERSION</key>
				<string>YES</string>
				<key>CLANG_WARN_DIRECT_OBJC_ISA_USAGE</key>
				<string>YES_ERROR</string>
				<key>CLANG_WARN_EMPTY_BODY</key>
				<string>YES</string>
				<key>CLANG_WARN_ENUM_CONVERSION</key>
				<string>YES</string>
				<key>CLANG_WARN_INT_CONVERSION</key>
				<string>YES</string>
				<key>CLANG_WARN_OBJC_ROOT_CLASS</key>
				<string>YES_ERROR</string>
				<key>CLANG_WARN_UNREACHABLE_CODE</key>
				<string>YES</string>
				<key>CLANG_WARN__DUPLICATE_METHOD_MATCH</key>
				<string>YES</string>
				<key>CODE_SIGN_IDENTITY[sdk=iphoneos*]</key>
				<string>iPhone Developer</string>
				<key>COPY_PHASE_STRIP</key>
				<string>NO</string>
				<key>DEBUG_INFORMATION_FORMAT</key>
				<string>dwarf-with-dsym</string>
				<key>ENABLE_NS_ASSERTIONS</key>
				<string>NO</string>
				<key>ENABLE_STRICT_OBJC_MSGSEND</key>
				<string>YES</string>
				<key>GCC_C_LANGUAGE_STANDARD</key>
				<string>gnu99</string>
				<key>GCC_NO_COMMON_BLOCKS</key>
				<string>YES</string>
				<key>GCC_WARN_64_TO_32_BIT_CONVERSION</key>
				<string>YES</string>
				<key>GCC_WARN_ABOUT_RETURN_TYPE</key>
				<string>YES_ERROR</string>
				<key>GCC_WARN_UNDECLARED_SELECTOR</key>
				<string>YES</string>
				<key>GCC_WARN_UNINITIALIZED_AUTOS</key>
				<string>YES_AGGRESSIVE</string>
				<key>GCC_WARN_UNUSED_FUNCTION</key>
				<string>YES</string>
				<key>GCC_WARN_UNUSED_VARIABLE</key>
				<string>YES</string>
				<key>IPHONEOS_DEPLOYMENT_TARGET</key>
				<string>9.3</string>
				<key>MTL_ENABLE_DEBUG_INFO</key>
				<string>NO</string>
				<key>SDKROOT</key>
				<string>iphoneos</string>
				<key>TARGETED_DEVICE_FAMILY</key>
				<string>1,2</string>
				<key>VALIDATE_PRODUCT</key>
				<string>YES</string>
			</dict>
			<key>isa</key>
			<string>XCBuildConfiguration</string>
			<key>name</key>
			<string>Release</string>
		</dict>
		<key>8F6F73AA1CF3F6550099920A</key>
		<dict>
			<key>buildConfigurations</key>
			<array>
				<string>8F6F73AB1CF3F6550099920A</string>
				<string>8F6F73AC1CF3F6550099920A</string>
			</array>
			<key>defaultConfigurationIsVisible</key>
			<string>0</string>
			<key>defaultConfigurationName</key>
			<string>Release</string>
			<key>isa</key>
			<string>XCConfigurationList</string>
		</dict>
		<key>8F6F73AB1CF3F6550099920A</key>
		<dict>
			<key>baseConfigurationReference</key>
			<string>8F439ED0CD1A953CEDCDF704</string>
			<key>buildSettings</key>
			<dict>
				<key>ASSETCATALOG_COMPILER_APPICON_NAME</key>
				<string>AppIcon</string>
				<key>CODE_SIGN_ENTITLEMENTS</key>
				<string>Starter App/Starter App.entitlements</string>
				<key>CODE_SIGN_IDENTITY</key>
				<string>iPhone Developer</string>
				<key>FRAMEWORK_SEARCH_PATHS</key>
				<array>
					<string>$(inherited)</string>
					<string>$(PROJECT_DIR)/Carthage/Build/iOS</string>
				</array>
				<key>INFOPLIST_FILE</key>
				<string>Starter App/AppConfig/Info.plist</string>
				<key>LD_RUNPATH_SEARCH_PATHS</key>
				<string>$(inherited) @executable_path/Frameworks</string>
				<key>PRODUCT_BUNDLE_IDENTIFIER</key>
				<string>com.ibm.research.hackathon.Starter-App</string>
				<key>PRODUCT_NAME</key>
				<string>$(TARGET_NAME)</string>
			</dict>
			<key>isa</key>
			<string>XCBuildConfiguration</string>
			<key>name</key>
			<string>Debug</string>
		</dict>
		<key>8F6F73AC1CF3F6550099920A</key>
		<dict>
			<key>baseConfigurationReference</key>
			<string>DCC8F0FD318B492D1D82F925</string>
			<key>buildSettings</key>
			<dict>
				<key>ASSETCATALOG_COMPILER_APPICON_NAME</key>
				<string>AppIcon</string>
				<key>CODE_SIGN_ENTITLEMENTS</key>
				<string>Starter App/Starter App.entitlements</string>
				<key>CODE_SIGN_IDENTITY</key>
				<string>iPhone Developer</string>
				<key>FRAMEWORK_SEARCH_PATHS</key>
				<array>
					<string>$(inherited)</string>
					<string>$(PROJECT_DIR)/Carthage/Build/iOS</string>
				</array>
				<key>INFOPLIST_FILE</key>
				<string>Starter App/AppConfig/Info.plist</string>
				<key>LD_RUNPATH_SEARCH_PATHS</key>
				<string>$(inherited) @executable_path/Frameworks</string>
				<key>PRODUCT_BUNDLE_IDENTIFIER</key>
				<string>com.ibm.research.hackathon.Starter-App</string>
				<key>PRODUCT_NAME</key>
				<string>$(TARGET_NAME)</string>
			</dict>
			<key>isa</key>
			<string>XCBuildConfiguration</string>
			<key>name</key>
			<string>Release</string>
		</dict>
		<key>8F8215481CF3FD7A001198A2</key>
		<dict>
			<key>isa</key>
			<string>PBXFileReference</string>
			<key>lastKnownFileType</key>
			<string>wrapper.framework</string>
			<key>name</key>
			<string>Alamofire.framework</string>
			<key>path</key>
			<string>Carthage/Build/iOS/Alamofire.framework</string>
			<key>sourceTree</key>
			<string>&lt;group&gt;</string>
		</dict>
		<key>8F82154A1CF3FD80001198A2</key>
		<dict>
			<key>children</key>
			<array>
				<string>682129B81CF8762F004F3C0B</string>
				<string>682129B61CF875F7004F3C0B</string>
				<string>6808CB251CF4EEDD00995BEA</string>
				<string>6808CB261CF4EEDD00995BEA</string>
				<string>6808CB211CF4EEB700995BEA</string>
				<string>6808CB221CF4EEB700995BEA</string>
				<string>8F8215481CF3FD7A001198A2</string>
				<string>5511AC7BFFED1BFF6F4B833B</string>
			</array>
			<key>isa</key>
			<string>PBXGroup</string>
			<key>name</key>
			<string>Frameworks</string>
			<key>sourceTree</key>
			<string>&lt;group&gt;</string>
		</dict>
		<key>B6B70CD70A2F0ED1FF3FAC69</key>
		<dict>
			<key>children</key>
			<array>
				<string>8F439ED0CD1A953CEDCDF704</string>
				<string>DCC8F0FD318B492D1D82F925</string>
			</array>
			<key>isa</key>
			<string>PBXGroup</string>
			<key>name</key>
			<string>Pods</string>
			<key>sourceTree</key>
			<string>&lt;group&gt;</string>
		</dict>
		<key>C690580B771D38554FED2E4C</key>
		<dict>
			<key>fileRef</key>
			<string>5511AC7BFFED1BFF6F4B833B</string>
			<key>isa</key>
			<string>PBXBuildFile</string>
		</dict>
		<key>DCC8F0FD318B492D1D82F925</key>
		<dict>
			<key>includeInIndex</key>
			<string>1</string>
			<key>isa</key>
			<string>PBXFileReference</string>
			<key>lastKnownFileType</key>
			<string>text.xcconfig</string>
			<key>name</key>
			<string>Pods-Starter App.release.xcconfig</string>
			<key>path</key>
			<string>Pods/Target Support Files/Pods-Starter App/Pods-Starter App.release.xcconfig</string>
			<key>sourceTree</key>
			<string>&lt;group&gt;</string>
		</dict>
	</dict>
	<key>rootObject</key>
	<string>8F6F738E1CF3F6550099920A</string>
</dict>
</plist>
